Microsoft Visual Studio Solution File, Format Version 12.00
# Visual Studio 15
VisualStudioVersion = 15.0.27428.2037
MinimumVisualStudioVersion = 10.0.40219.1
Project("{9A19103F-16F7-4668-BE54-9A1E7A4F7556}") = "Tracker", "Tracker\Tracker.csproj", "{67604F5C-EE98-4486-ACD0-5A4D7AEFF990}"
EndProject
Project("{9A19103F-16F7-4668-BE54-9A1E7A4F7556}") = "StethoscopeLib", "StethoscopeLib\StethoscopeLib.csproj", "{EBB61FCC-B474-42FF-B377-19A743CDF9E1}"
EndProject
Project("{9A19103F-16F7-4668-BE54-9A1E7A4F7556}") = "StethoscopeLib.Tests", "StethoscopeLib.Tests\StethoscopeLib.Tests.csproj", "{847B3FF5-C0C7-40C4-9971-284EAFF669CA}"
EndProject
Global
	GlobalSection(SolutionConfigurationPlatforms) = preSolution
		Debug|Any CPU = Debug|Any CPU
		Debug|x64 = Debug|x64
		Debug|x86 = Debug|x86
		Release|Any CPU = Release|Any CPU
		Release|x64 = Release|x64
		Release|x86 = Release|x86
	EndGlobalSection
	GlobalSection(ProjectConfigurationPlatforms) = postSolution
		{67604F5C-EE98-4486-ACD0-5A4D7AEFF990}.Debug|Any CPU.ActiveCfg = Debug|Any CPU
		{67604F5C-EE98-4486-ACD0-5A4D7AEFF990}.Debug|Any CPU.Build.0 = Debug|Any CPU
		{67604F5C-EE98-4486-ACD0-5A4D7AEFF990}.Debug|x64.ActiveCfg = Debug|Any CPU
		{67604F5C-EE98-4486-ACD0-5A4D7AEFF990}.Debug|x64.Build.0 = Debug|Any CPU
		{67604F5C-EE98-4486-ACD0-5A4D7AEFF990}.Debug|x86.ActiveCfg = Debug|Any CPU
		{67604F5C-EE98-4486-ACD0-5A4D7AEFF990}.Debug|x86.Build.0 = Debug|Any CPU
		{67604F5C-EE98-4486-ACD0-5A4D7AEFF990}.Release|Any CPU.ActiveCfg = Release|Any CPU
		{67604F5C-EE98-4486-ACD0-5A4D7AEFF990}.Release|Any CPU.Build.0 = Release|Any CPU
		{67604F5C-EE98-4486-ACD0-5A4D7AEFF990}.Release|x64.ActiveCfg = Release|Any CPU
		{67604F5C-EE98-4486-ACD0-5A4D7AEFF990}.Release|x64.Build.0 = Release|Any CPU
		{67604F5C-EE98-4486-ACD0-5A4D7AEFF990}.Release|x86.ActiveCfg = Release|Any CPU
		{67604F5C-EE98-4486-ACD0-5A4D7AEFF990}.Release|x86.Build.0 = Release|Any CPU
		{EBB61FCC-B474-42FF-B377-19A743CDF9E1}.Debug|Any CPU.ActiveCfg = Debug|Any CPU
		{EBB61FCC-B474-42FF-B377-19A743CDF9E1}.Debug|Any CPU.Build.0 = Debug|Any CPU
		{EBB61FCC-B474-42FF-B377-19A743CDF9E1}.Debug|x64.ActiveCfg = Debug|Any CPU
		{EBB61FCC-B474-42FF-B377-19A743CDF9E1}.Debug|x64.Build.0 = Debug|Any CPU
		{EBB61FCC-B474-42FF-B377-19A743CDF9E1}.Debug|x86.ActiveCfg = Debug|Any CPU
		{EBB61FCC-B474-42FF-B377-19A743CDF9E1}.Debug|x86.Build.0 = Debug|Any CPU
		{EBB61FCC-B474-42FF-B377-19A743CDF9E1}.Release|Any CPU.ActiveCfg = Release|Any CPU
		{EBB61FCC-B474-42FF-B377-19A743CDF9E1}.Release|Any CPU.Build.0 = Release|Any CPU
		{EBB61FCC-B474-42FF-B377-19A743CDF9E1}.Release|x64.ActiveCfg = Release|Any CPU
		{EBB61FCC-B474-42FF-B377-19A743CDF9E1}.Release|x64.Build.0 = Release|Any CPU
		{EBB61FCC-B474-42FF-B377-19A743CDF9E1}.Release|x86.ActiveCfg = Release|Any CPU
		{EBB61FCC-B474-42FF-B377-19A743CDF9E1}.Release|x86.Build.0 = Release|Any CPU
		{847B3FF5-C0C7-40C4-9971-284EAFF669CA}.Debug|Any CPU.ActiveCfg = Debug|Any CPU
		{847B3FF5-C0C7-40C4-9971-284EAFF669CA}.Debug|Any CPU.Build.0 = Debug|Any CPU
		{847B3FF5-C0C7-40C4-9971-284EAFF669CA}.Debug|x64.ActiveCfg = Debug|Any CPU
		{847B3FF5-C0C7-40C4-9971-284EAFF669CA}.Debug|x64.Build.0 = Debug|Any CPU
		{847B3FF5-C0C7-40C4-9971-284EAFF669CA}.Debug|x86.ActiveCfg = Debug|Any CPU
		{847B3FF5-C0C7-40C4-9971-284EAFF669CA}.Debug|x86.Build.0 = Debug|Any CPU
		{847B3FF5-C0C7-40C4-9971-284EAFF669CA}.Release|Any CPU.ActiveCfg = Release|Any CPU
		{847B3FF5-C0C7-40C4-9971-284EAFF669CA}.Release|Any CPU.Build.0 = Release|Any CPU
		{847B3FF5-C0C7-40C4-9971-284EAFF669CA}.Release|x64.ActiveCfg = Release|Any CPU
		{847B3FF5-C0C7-40C4-9971-284EAFF669CA}.Release|x64.Build.0 = Release|Any CPU
		{847B3FF5-C0C7-40C4-9971-284EAFF669CA}.Release|x86.ActiveCfg = Release|Any CPU
		{847B3FF5-C0C7-40C4-9971-284EAFF669CA}.Release|x86.Build.0 = Release|Any CPU
	EndGlobalSection
	GlobalSection(SolutionProperties) = preSolution
		HideSolutionNode = FALSE
	EndGlobalSection
	GlobalSection(ExtensibilityGlobals) = postSolution
		SolutionGuid = {A70E37A2-68EC-49F4-901A-6DF75B215B6E}
	EndGlobalSection
EndGlobal
